{
  "name": "example-generated-app",
  "version": "1.0.0",
  "lockfileVersion": 3,
  "requires": true,
  "packages": {
    "": {
      "name": "example-generated-app",
      "version": "1.0.0",
      "license": "ISC",
      "dependencies": {
        "fegen": "^1.1.0"
      }
    },
    "node_modules/fegen": {
      "version": "1.1.0",
      "resolved": "https://registry.npmjs.org/fegen/-/fegen-1.1.0.tgz",
      "integrity": "sha512-PSMhX24F/PsR2PccLiLk4NyS4VDuJv1pUOAOAbdPFn1kskiLhzp9s/hjsYdwQ3GFh2727IZxtnnV2StsfpFX9A=="
    }
  }
}
